
Microsoft Visual Studio Solution File, Format Version 12.00
# Visual Studio Version 17
VisualStudioVersion = 17.2.32519.379
MinimumVisualStudioVersion = 10.0.40219.1
Project("{FAE04EC0-301F-11D3-BF4B-00C04F79EFBC}") = "Project_Mars", "Mars_Project\Project_Mars.csproj", "{4AE3A66E-B9FC-4656-B666-0AA01337B171}"
EndProject
Global
	GlobalSection(SolutionConfigurationPlatforms) = preSolution
		Debug|Any CPU = Debug|Any CPU
		Release|Any CPU = Release|Any CPU
	EndGlobalSection
	GlobalSection(ProjectConfigurationPlatforms) = postSolution
		{4AE3A66E-B9FC-4656-B666-0AA01337B171}.Debug|Any CPU.ActiveCfg = Debug|Any CPU
		{4AE3A66E-B9FC-4656-B666-0AA01337B171}.Debug|Any CPU.Build.0 = Debug|Any CPU
		{4AE3A66E-B9FC-4656-B666-0AA01337B171}.Release|Any CPU.ActiveCfg = Release|Any CPU
		{4AE3A66E-B9FC-4656-B666-0AA01337B171}.Release|Any CPU.Build.0 = Release|Any CPU
	EndGlobalSection
	GlobalSection(SolutionProperties) = preSolution
		HideSolutionNode = FALSE
	EndGlobalSection
	GlobalSection(ExtensibilityGlobals) = postSolution
		SolutionGuid = {0C4EED13-B7DE-422C-BD15-725E1E40EB2F}
	EndGlobalSection
EndGlobal
